<?xml version="1.0" encoding="utf-8"?>
<Project ToolsVersion="4.0" xmlns="http://schemas.microsoft.com/developer/msbuild/2003">
  <ItemGroup>
    <Filter Include="Source Files">
      <UniqueIdentifier>{4FC737F1-C7A5-4376-A066-2A32D752A2FF}</UniqueIdentifier>
      <Extensions>cpp;c;cc;cxx;c++;cppm;ixx;def;odl;idl;hpj;bat;asm;asmx</Extensions>
    </Filter>
    <Filter Include="Header Files">
      <UniqueIdentifier>{93995380-89BD-4b04-88EB-625FBE52EBFB}</UniqueIdentifier>
      <Extensions>h;hh;hpp;hxx;h++;hm;inl;inc;ipp;xsd</Extensions>
    </Filter>
    <Filter Include="Resource Files">
      <UniqueIdentifier>{67DA6AB6-F800-4c08-8B7A-83BB121AAD01}</UniqueIdentifier>
      <Extensions>rc;ico;cur;bmp;dlg;rc2;rct;bin;rgs;gif;jpg;jpeg;jpe;resx;tiff;tif;png;wav;mfcribbon-ms</Extensions>
    </Filter>
  </ItemGroup>
  <ItemGroup>
    <ClCompile Include="julipp.cpp">
      <Filter>Source Files</Filter>
    </ClCompile>
    <ClCompile Include="interpreter\Environment.cpp">
      <Filter>Source Files</Filter>
    </ClCompile>
    <ClCompile Include="interpreter\Interpreter.cpp">
      <Filter>Source Files</Filter>
    </ClCompile>
    <ClCompile Include="interpreter\LoxFunction.cpp">
      <Filter>Source Files</Filter>
    </ClCompile>
    <ClCompile Include="interpreter\LoxType.cpp">
      <Filter>Source Files</Filter>
    </ClCompile>
    <ClCompile Include="parser\Parser.cpp">
      <Filter>Source Files</Filter>
    </ClCompile>
    <ClCompile Include="scanner\LitVal.cpp">
      <Filter>Source Files</Filter>
    </ClCompile>
    <ClCompile Include="scanner\Scanner.cpp">
      <Filter>Source Files</Filter>
    </ClCompile>
    <ClCompile Include="scanner\Token.cpp">
      <Filter>Source Files</Filter>
    </ClCompile>
    <ClCompile Include="tests\testRPN.cpp">
      <Filter>Source Files</Filter>
    </ClCompile>
    <ClCompile Include="tests\testStrComp.cpp">
      <Filter>Source Files</Filter>
    </ClCompile>
    <ClCompile Include="tests\testTernary.cpp">
      <Filter>Source Files</Filter>
    </ClCompile>
    <ClCompile Include="tools\AstPrinter.cpp">
      <Filter>Source Files</Filter>
    </ClCompile>
    <ClCompile Include="tools\generator.cpp">
      <Filter>Source Files</Filter>
    </ClCompile>
    <ClCompile Include="tools\helpers.cpp">
      <Filter>Source Files</Filter>
    </ClCompile>
    <ClCompile Include="tools\LoxError.cpp">
      <Filter>Source Files</Filter>
    </ClCompile>
    <ClCompile Include="tools\RPNPrinter.cpp">
      <Filter>Source Files</Filter>
    </ClCompile>
    <ClCompile Include="tools\tools.cpp">
      <Filter>Source Files</Filter>
    </ClCompile>
  </ItemGroup>
  <ItemGroup>
    <ClInclude Include="include.h">
      <Filter>Header Files</Filter>
    </ClInclude>
    <ClInclude Include="julipp.h">
      <Filter>Header Files</Filter>
    </ClInclude>
    <ClInclude Include="interpreter\ClockFunction.hpp">
      <Filter>Header Files</Filter>
    </ClInclude>
    <ClInclude Include="interpreter\Environment.h">
      <Filter>Header Files</Filter>
    </ClInclude>
    <ClInclude Include="interpreter\Interpreter.h">
      <Filter>Header Files</Filter>
    </ClInclude>
    <ClInclude Include="interpreter\LoxCallable.h">
      <Filter>Header Files</Filter>
    </ClInclude>
    <ClInclude Include="interpreter\LoxFunction.h">
      <Filter>Header Files</Filter>
    </ClInclude>
    <ClInclude Include="interpreter\LoxType.h">
      <Filter>Header Files</Filter>
    </ClInclude>
    <ClInclude Include="parser\Expr.hpp">
      <Filter>Header Files</Filter>
    </ClInclude>
    <ClInclude Include="parser\Parser.h">
      <Filter>Header Files</Filter>
    </ClInclude>
    <ClInclude Include="parser\Stmt.hpp">
      <Filter>Header Files</Filter>
    </ClInclude>
    <ClInclude Include="scanner\LitVal.h">
      <Filter>Header Files</Filter>
    </ClInclude>
    <ClInclude Include="scanner\Scanner.h">
      <Filter>Header Files</Filter>
    </ClInclude>
    <ClInclude Include="scanner\Token.h">
      <Filter>Header Files</Filter>
    </ClInclude>
    <ClInclude Include="tests\testRPN.h">
      <Filter>Header Files</Filter>
    </ClInclude>
    <ClInclude Include="tests\testStrComp.h">
      <Filter>Header Files</Filter>
    </ClInclude>
    <ClInclude Include="tests\testTernary.h">
      <Filter>Header Files</Filter>
    </ClInclude>
    <ClInclude Include="tools\AstPrinter.h">
      <Filter>Header Files</Filter>
    </ClInclude>
    <ClInclude Include="tools\generator.h">
      <Filter>Header Files</Filter>
    </ClInclude>
    <ClInclude Include="tools\helpers.h">
      <Filter>Header Files</Filter>
    </ClInclude>
    <ClInclude Include="tools\LoxError.h">
      <Filter>Header Files</Filter>
    </ClInclude>
    <ClInclude Include="tools\RPNPrinter.h">
      <Filter>Header Files</Filter>
    </ClInclude>
    <ClInclude Include="tools\tools.h">
      <Filter>Header Files</Filter>
    </ClInclude>
  </ItemGroup>
</Project>